github.com/antlr4-go/antlr/v4 v4.13.1 h1:SqQKkuVZ+zWkMMNkjy5FZe5mr5WURWnlpmOuzYWrPrQ=
github.com/antlr4-go/antlr/v4 v4.13.1/go.mod h1:GKmUxMtwp6ZgGwZSva4eWPC5mS6vUAmOABFgjdkM7Nw=
github.com/bytebase/mysql-parser v0.0.0-20240810145851-ab2c11629c24 h1:tI2/dg8P5DkwVODgDtqzOoFhmhUBFxSKpMyoyGOq1YU=
github.com/bytebase/mysql-parser v0.0.0-20240810145851-ab2c11629c24/go.mod h1:n22yoTeLcphIYQlV6nbufQbHMxNceOjeGDOrpaRIhiY=
github.com/bytebase/plsql-parser v0.0.0-20240724030234-55445b9c5491 h1:zAp7T2lcrqbsFN+eTYwv+w1F9r5Lukvf5WHvp64Dht4=
github.com/bytebase/plsql-parser v0.0.0-20240724030234-55445b9c5491/go.mod h1:sEtLYOfHyi8zz5vo5gKT//A8c4P8FnDZLNVSLtVPxj0=
github.com/bytebase/postgresql-parser v0.0.0-20231221075352-cf5025e0d56f h1:mwn17HA984i5cz1vIkiF265a6LZplCAqIPqQn7c0V0s=
github.com/bytebase/postgresql-parser v0.0.0-20231221075352-cf5025e0d56f/go.mod h1:Jft7oabwuwD+t5BYiUfTjcNVaihZ8F5KT8TsROG0EaE=
github.com/bytebase/tsql-parser v0.0.0-20240517092106-72be97694442 h1:h5dLOa+z9wtWEOtEL5MlgweWHp6+PTptfVh+RG+ZNko=
github.com/bytebase/tsql-parser v0.0.0-20240517092106-72be97694442/go.mod h1:L9qgmrnVenkm/SL/fmyUSXK5+iMT1ctn/EsMqItSGVk=
github.com/davecgh/go-spew v1.1.1 h1:vj9j/u1bqnvCEfJOwUhtlOARqs3+rkHYY13jYWTU97c=
github.com/davecgh/go-spew v1.1.1/go.mod h1:J7Y8YcW2NihsgmVo/mv3lAwl/skON4iLHjSsI+c5H38=
github.com/pmezard/go-difflib v1.0.0 h1:4DBwDE0NGyQoBHbLQYPwSUPoCMWR5BEzIk/f1lZbAQM=
github.com/pmezard/go-difflib v1.0.0/go.mod h1:iKH77koFhYxTK1pcRnkKkqfTogsbg7gZNVY4sRDYZ/4=
github.com/stretchr/testify v1.9.0 h1:HtqpIVDClZ4nwg75+f6Lvsy/wHu+3BoSGCbBAcpTsTg=
github.com/stretchr/testify v1.9.0/go.mod h1:r2ic/lqez/lEtzL7wO/rwa5dbSLXVDPFyf8C91i36aY=
golang.org/x/exp v0.0.0-20240506185415-9bf2ced13842 h1:vr/HnozRka3pE4EsMEg1lgkXJkTFJCVUX+S/ZT6wYzM=
golang.org/x/exp v0.0.0-20240506185415-9bf2ced13842/go.mod h1:XtvwrStGgqGPLc4cjQfWqZHG1YFdYs6swckp8vpsjnc=
gopkg.in/check.v1 v0.0.0-20161208181325-20d25e280405 h1:yhCVgyC4o1eVCa2tZl7eS0r+SDo693bJlVdllGtEeKM=
gopkg.in/check.v1 v0.0.0-20161208181325-20d25e280405/go.mod h1:Co6ibVJAznAaIkqp8huTwlJQCZ016jof/cbN4VW5Yz0=
gopkg.in/yaml.v3 v3.0.1 h1:fxVm/GzAzEWqLHuvctI91KS9hhNmmWOoWu0XTYJS7CA=
gopkg.in/yaml.v3 v3.0.1/go.mod h1:K4uyk7z7BCEPqu6E+C64Yfv1cQ7kz7rIZviUmN+EgEM=
